// !$*UTF8*$!
{
	archiveVersion = 1;
	classes = {
	};
	objectVersion = 51;
	objects = {

/* Begin PBXBuildFile section */
		1327F74125539E0F00111281 /* AppDelegate.m in Sources */ = {isa = PBXBuildFile; fileRef = 1327F74025539E0F00111281 /* AppDelegate.m */; };
		1327F74C25539E1100111281 /* Assets.xcassets in Resources */ = {isa = PBXBuildFile; fileRef = 1327F74B25539E1100111281 /* Assets.xcassets */; };
		1327F74F25539E1100111281 /* LaunchScreen.storyboard in Resources */ = {isa = PBXBuildFile; fileRef = 1327F74D25539E1100111281 /* LaunchScreen.storyboard */; };
		1327F75225539E1100111281 /* main.m in Sources */ = {isa = PBXBuildFile; fileRef = 1327F75125539E1100111281 /* main.m */; };
		1327F75B25539E9300111281 /* AViewController.m in Sources */ = {isa = PBXBuildFile; fileRef = 1327F75925539E9300111281 /* AViewController.m */; };
		1327F75D25539F7C00111281 /* LRA_section.podspec in Resources */ = {isa = PBXBuildFile; fileRef = 1327F75C25539F7C00111281 /* LRA_section.podspec */; };
		1327F7BA2553DB1C00111281 /* Target_A.m in Sources */ = {isa = PBXBuildFile; fileRef = 1327F7B92553DB1C00111281 /* Target_A.m */; };
		2F34CAA221F3E900CBC599D3 /* Pods_A_section.framework in Frameworks */ = {isa = PBXBuildFile; fileRef = 06BB305A9F6A6B3C2C4018D4 /* Pods_A_section.framework */; };
/* End PBXBuildFile section */

/* Begin PBXFileReference section */
		06BB305A9F6A6B3C2C4018D4 /* Pods_A_section.framework */ = {isa = PBXFileReference; explicitFileType = wrapper.framework; includeInIndex = 0; path = Pods_A_section.framework; sourceTree = BUILT_PRODUCTS_DIR; };
		0C6A2C3681E2570303BC471D /* Pods-A_section.debug.xcconfig */ = {isa = PBXFileReference; includeInIndex = 1; lastKnownFileType = text.xcconfig; name = "Pods-A_section.debug.xcconfig"; path = "Target Support Files/Pods-A_section/Pods-A_section.debug.xcconfig"; sourceTree = "<group>"; };
		1327F73C25539E0F00111281 /* A_section.app */ = {isa = PBXFileReference; explicitFileType = wrapper.application; includeInIndex = 0; path = A_section.app; sourceTree = BUILT_PRODUCTS_DIR; };
		1327F73F25539E0F00111281 /* AppDelegate.h */ = {isa = PBXFileReference; lastKnownFileType = sourcecode.c.h; path = AppDelegate.h; sourceTree = "<group>"; };
		1327F74025539E0F00111281 /* AppDelegate.m */ = {isa = PBXFileReference; lastKnownFileType = sourcecode.c.objc; path = AppDelegate.m; sourceTree = "<group>"; };
		1327F74B25539E1100111281 /* Assets.xcassets */ = {isa = PBXFileReference; lastKnownFileType = folder.assetcatalog; path = Assets.xcassets; sourceTree = "<group>"; };
		1327F74E25539E1100111281 /* Base */ = {isa = PBXFileReference; lastKnownFileType = file.storyboard; name = Base; path = Base.lproj/LaunchScreen.storyboard; sourceTree = "<group>"; };
		1327F75025539E1100111281 /* Info.plist */ = {isa = PBXFileReference; lastKnownFileType = text.plist.xml; path = Info.plist; sourceTree = "<group>"; };
		1327F75125539E1100111281 /* main.m */ = {isa = PBXFileReference; lastKnownFileType = sourcecode.c.objc; path = main.m; sourceTree = "<group>"; };
		1327F75925539E9300111281 /* AViewController.m */ = {isa = PBXFileReference; fileEncoding = 4; lastKnownFileType = sourcecode.c.objc; path = AViewController.m; sourceTree = "<group>"; };
		1327F75A25539E9300111281 /* AViewController.h */ = {isa = PBXFileReference; fileEncoding = 4; lastKnownFileType = sourcecode.c.h; path = AViewController.h; sourceTree = "<group>"; };
		1327F75C25539F7C00111281 /* LRA_section.podspec */ = {isa = PBXFileReference; fileEncoding = 4; lastKnownFileType = text; path = LRA_section.podspec; sourceTree = "<group>"; };
		1327F7B82553DB1C00111281 /* Target_A.h */ = {isa = PBXFileReference; lastKnownFileType = sourcecode.c.h; path = Target_A.h; sourceTree = "<group>"; };
		1327F7B92553DB1C00111281 /* Target_A.m */ = {isa = PBXFileReference; lastKnownFileType = sourcecode.c.objc; path = Target_A.m; sourceTree = "<group>"; };
		77FE3A1F0135D6217BC62A03 /* Pods-A_section.release.xcconfig */ = {isa = PBXFileReference; includeInIndex = 1; lastKnownFileType = text.xcconfig; name = "Pods-A_section.release.xcconfig"; path = "Target Support Files/Pods-A_section/Pods-A_section.release.xcconfig"; sourceTree = "<group>"; };
/* End PBXFileReference section */

/* Begin PBXFrameworksBuildPhase section */
		1327F73925539E0F00111281 /* Frameworks */ = {
			isa = PBXFrameworksBuildPhase;
			buildActionMask = 2147483647;
			files = (
				2F34CAA221F3E900CBC599D3 /* Pods_A_section.framework in Frameworks */,
			);
			runOnlyForDeploymentPostprocessing = 0;
		};
/* End PBXFrameworksBuildPhase section */

/* Begin PBXGroup section */
		1327F73325539E0F00111281 = {
			isa = PBXGroup;
			children = (
				1327F73E25539E0F00111281 /* A_section */,
				1327F73D25539E0F00111281 /* Products */,
				97885C8DA8940C080939EE9D /* Pods */,
				C54C94665A14B5D7247DF965 /* Frameworks */,
			);
			sourceTree = "<group>";
		};
		1327F73D25539E0F00111281 /* Products */ = {
			isa = PBXGroup;
			children = (
				1327F73C25539E0F00111281 /* A_section.app */,
			);
			name = Products;
			sourceTree = "<group>";
		};
		1327F73E25539E0F00111281 /* A_section */ = {
			isa = PBXGroup;
			children = (
				1327F75C25539F7C00111281 /* LRA_section.podspec */,
				1327F73F25539E0F00111281 /* AppDelegate.h */,
				1327F74025539E0F00111281 /* AppDelegate.m */,
				1327F75825539E5A00111281 /* AViewController */,
				1327F74B25539E1100111281 /* Assets.xcassets */,
				1327F74D25539E1100111281 /* LaunchScreen.storyboard */,
				1327F75025539E1100111281 /* Info.plist */,
				1327F75125539E1100111281 /* main.m */,
			);
			path = A_section;
			sourceTree = "<group>";
		};
		1327F75825539E5A00111281 /* AViewController */ = {
			isa = PBXGroup;
			children = (
				1327F7B72553DB0800111281 /* Target */,
				1327F75A25539E9300111281 /* AViewController.h */,
				1327F75925539E9300111281 /* AViewController.m */,
			);
			path = AViewController;
			sourceTree = "<group>";
		};
		1327F7B72553DB0800111281 /* Target */ = {
			isa = PBXGroup;
			children = (
				1327F7B82553DB1C00111281 /* Target_A.h */,
				1327F7B92553DB1C00111281 /* Target_A.m */,
			);
			path = Target;
			sourceTree = "<group>";
		};
		97885C8DA8940C080939EE9D /* Pods */ = {
			isa = PBXGroup;
			children = (
				0C6A2C3681E2570303BC471D /* Pods-A_section.debug.xcconfig */,
				77FE3A1F0135D6217BC62A03 /* Pods-A_section.release.xcconfig */,
			);
			path = Pods;
			sourceTree = "<group>";
		};
		C54C94665A14B5D7247DF965 /* Frameworks */ = {
			isa = PBXGroup;
			children = (
				06BB305A9F6A6B3C2C4018D4 /* Pods_A_section.framework */,
			);
			name = Frameworks;
			sourceTree = "<group>";
		};
/* End PBXGroup section */

/* Begin PBXNativeTarget section */
		1327F73B25539E0F00111281 /* A_section */ = {
			isa = PBXNativeTarget;
			buildConfigurationList = 1327F75525539E1100111281 /* Build configuration list for PBXNativeTarget "A_section" */;
			buildPhases = (
				73084B5E4BCCC798D2CF11CC /* [CP] Check Pods Manifest.lock */,
				1327F73825539E0F00111281 /* Sources */,
				1327F73925539E0F00111281 /* Frameworks */,
				1327F73A25539E0F00111281 /* Resources */,
				C5864F92A524532835818D53 /* [CP] Embed Pods Frameworks */,
			);
			buildRules = (
			);
			dependencies = (
			);
			name = A_section;
			productName = A_section;
			productReference = 1327F73C25539E0F00111281 /* A_section.app */;
			productType = "com.apple.product-type.application";
		};
/* End PBXNativeTarget section */

/* Begin PBXProject section */
		1327F73425539E0F00111281 /* Project object */ = {
			isa = PBXProject;
			attributes = {
				LastUpgradeCheck = 1130;
				ORGANIZATIONNAME = EGLS_BMAC;
				TargetAttributes = {
					1327F73B25539E0F00111281 = {
						CreatedOnToolsVersion = 11.3.1;
					};
				};
			};
			buildConfigurationList = 1327F73725539E0F00111281 /* Build configuration list for PBXProject "A_section" */;
			compatibilityVersion = "Xcode 9.3";
			developmentRegion = en;
			hasScannedForEncodings = 0;
			knownRegions = (
				en,
				Base,
			);
			mainGroup = 1327F73325539E0F00111281;
			productRefGroup = 1327F73D25539E0F00111281 /* Products */;
			projectDirPath = "";
			projectRoot = "";
			targets = (
				1327F73B25539E0F00111281 /* A_section */,
			);
		};
/* End PBXProject section */

/* Begin PBXResourcesBuildPhase section */
		1327F73A25539E0F00111281 /* Resources */ = {
			isa = PBXResourcesBuildPhase;
			buildActionMask = 2147483647;
			files = (
				1327F75D25539F7C00111281 /* LRA_section.podspec in Resources */,
				1327F74F25539E1100111281 /* LaunchScreen.storyboard in Resources */,
				1327F74C25539E1100111281 /* Assets.xcassets in Resources */,
			);
			runOnlyForDeploymentPostprocessing = 0;
		};
/* End PBXResourcesBuildPhase section */

/* Begin PBXShellScriptBuildPhase section */
		73084B5E4BCCC798D2CF11CC /* [CP] Check Pods Manifest.lock */ = {
			isa = PBXShellScriptBuildPhase;
			buildActionMask = 2147483647;
			files = (
			);
			inputFileListPaths = (
			);
			inputPaths = (
				"${PODS_PODFILE_DIR_PATH}/Podfile.lock",
				"${PODS_ROOT}/Manifest.lock",
			);
			name = "[CP] Check Pods Manifest.lock";
			outputFileListPaths = (
			);
			outputPaths = (
				"$(DERIVED_FILE_DIR)/Pods-A_section-checkManifestLockResult.txt",
			);
			runOnlyForDeploymentPostprocessing = 0;
			shellPath = /bin/sh;
			shellScript = "diff \"${PODS_PODFILE_DIR_PATH}/Podfile.lock\" \"${PODS_ROOT}/Manifest.lock\" > /dev/null\nif [ $? != 0 ] ; then\n    # print error to STDERR\n    echo \"error: The sandbox is not in sync with the Podfile.lock. Run 'pod install' or update your CocoaPods installation.\" >&2\n    exit 1\nfi\n# This output is used by Xcode 'outputs' to avoid re-running this script phase.\necho \"SUCCESS\" > \"${SCRIPT_OUTPUT_FILE_0}\"\n";
			showEnvVarsInLog = 0;
		};
		C5864F92A524532835818D53 /* [CP] Embed Pods Frameworks */ = {
			isa = PBXShellScriptBuildPhase;
			buildActionMask = 2147483647;
			files = (
			);
			inputFileListPaths = (
				"${PODS_ROOT}/Target Support Files/Pods-A_section/Pods-A_section-frameworks-${CONFIGURATION}-input-files.xcfilelist",
			);
			name = "[CP] Embed Pods Frameworks";
			outputFileListPaths = (
				"${PODS_ROOT}/Target Support Files/Pods-A_section/Pods-A_section-frameworks-${CONFIGURATION}-output-files.xcfilelist",
			);
			runOnlyForDeploymentPostprocessing = 0;
			shellPath = /bin/sh;
			shellScript = "\"${PODS_ROOT}/Target Support Files/Pods-A_section/Pods-A_section-frameworks.sh\"\n";
			showEnvVarsInLog = 0;
		};
/* End PBXShellScriptBuildPhase section */

/* Begin PBXSourcesBuildPhase section */
		1327F73825539E0F00111281 /* Sources */ = {
			isa = PBXSourcesBuildPhase;
			buildActionMask = 2147483647;
			files = (
				1327F7BA2553DB1C00111281 /* Target_A.m in Sources */,
				1327F75B25539E9300111281 /* AViewController.m in Sources */,
				1327F74125539E0F00111281 /* AppDelegate.m in Sources */,
				1327F75225539E1100111281 /* main.m in Sources */,
			);
			runOnlyForDeploymentPostprocessing = 0;
		};
/* End PBXSourcesBuildPhase section */

/* Begin PBXVariantGroup section */
		1327F74D25539E1100111281 /* LaunchScreen.storyboard */ = {
			isa = PBXVariantGroup;
			children = (
				1327F74E25539E1100111281 /* Base */,
			);
			name = LaunchScreen.storyboard;
			sourceTree = "<group>";
		};
/* End PBXVariantGroup section */

/* Begin XCBuildConfiguration section */
		1327F75325539E1100111281 /* Debug */ = {
			isa = XCBuildConfiguration;
			buildSettings = {
				ALWAYS_SEARCH_USER_PATHS = NO;
				CLANG_ANALYZER_NONNULL = YES;
				CLANG_ANALYZER_NUMBER_OBJECT_CONVERSION = YES_AGGRESSIVE;
				CLANG_CXX_LANGUAGE_STANDARD = "gnu++14";
				CLANG_CXX_LIBRARY = "libc++";
				CLANG_ENABLE_MODULES = YES;
				CLANG_ENABLE_OBJC_ARC = YES;
				CLANG_ENABLE_OBJC_WEAK = YES;
				CLANG_WARN_BLOCK_CAPTURE_AUTORELEASING = YES;
				CLANG_WARN_BOOL_CONVERSION = YES;
				CLANG_WARN_COMMA = YES;
				CLANG_WARN_CONSTANT_CONVERSION = YES;
				CLANG_WARN_DEPRECATED_OBJC_IMPLEMENTATIONS = YES;
				CLANG_WARN_DIRECT_OBJC_ISA_USAGE = YES_ERROR;
				CLANG_WARN_DOCUMENTATION_COMMENTS = YES;
				CLANG_WARN_EMPTY_BODY = YES;
				CLANG_WARN_ENUM_CONVERSION = YES;
				CLANG_WARN_INFINITE_RECURSION = YES;
				CLANG_WARN_INT_CONVERSION = YES;
				CLANG_WARN_NON_LITERAL_NULL_CONVERSION = YES;
				CLANG_WARN_OBJC_IMPLICIT_RETAIN_SELF = YES;
				CLANG_WARN_OBJC_LITERAL_CONVERSION = YES;
				CLANG_WARN_OBJC_ROOT_CLASS = YES_ERROR;
				CLANG_WARN_RANGE_LOOP_ANALYSIS = YES;
				CLANG_WARN_STRICT_PROTOTYPES = YES;
				CLANG_WARN_SUSPICIOUS_MOVE = YES;
				CLANG_WARN_UNGUARDED_AVAILABILITY = YES_AGGRESSIVE;
				CLANG_WARN_UNREACHABLE_CODE = YES;
				CLANG_WARN__DUPLICATE_METHOD_MATCH = YES;
				COPY_PHASE_STRIP = NO;
				DEBUG_INFORMATION_FORMAT = dwarf;
				ENABLE_STRICT_OBJC_MSGSEND = YES;
				ENABLE_TESTABILITY = YES;
				GCC_C_LANGUAGE_STANDARD = gnu11;
				GCC_DYNAMIC_NO_PIC = NO;
				GCC_NO_COMMON_BLOCKS = YES;
				GCC_OPTIMIZATION_LEVEL = 0;
				GCC_PREPROCESSOR_DEFINITIONS = (
					"DEBUG=1",
					"$(inherited)",
				);
				GCC_WARN_64_TO_32_BIT_CONVERSION = YES;
				GCC_WARN_ABOUT_RETURN_TYPE = YES_ERROR;
				GCC_WARN_UNDECLARED_SELECTOR = YES;
				GCC_WARN_UNINITIALIZED_AUTOS = YES_AGGRESSIVE;
				GCC_WARN_UNUSED_FUNCTION = YES;
				GCC_WARN_UNUSED_VARIABLE = YES;
				IPHONEOS_DEPLOYMENT_TARGET = 13.2;
				MTL_ENABLE_DEBUG_INFO = INCLUDE_SOURCE;
				MTL_FAST_MATH = YES;
				ONLY_ACTIVE_ARCH = YES;
				SDKROOT = iphoneos;
			};
			name = Debug;
		};
		1327F75425539E1100111281 /* Release */ = {
			isa = XCBuildConfiguration;
			buildSettings = {
				ALWAYS_SEARCH_USER_PATHS = NO;
				CLANG_ANALYZER_NONNULL = YES;
				CLANG_ANALYZER_NUMBER_OBJECT_CONVERSION = YES_AGGRESSIVE;
				CLANG_CXX_LANGUAGE_STANDARD = "gnu++14";
				CLANG_CXX_LIBRARY = "libc++";
				CLANG_ENABLE_MODULES = YES;
				CLANG_ENABLE_OBJC_ARC = YES;
				CLANG_ENABLE_OBJC_WEAK = YES;
				CLANG_WARN_BLOCK_CAPTURE_AUTORELEASING = YES;
				CLANG_WARN_BOOL_CONVERSION = YES;
				CLANG_WARN_COMMA = YES;
				CLANG_WARN_CONSTANT_CONVERSION = YES;
				CLANG_WARN_DEPRECATED_OBJC_IMPLEMENTATIONS = YES;
				CLANG_WARN_DIRECT_OBJC_ISA_USAGE = YES_ERROR;
				CLANG_WARN_DOCUMENTATION_COMMENTS = YES;
				CLANG_WARN_EMPTY_BODY = YES;
				CLANG_WARN_ENUM_CONVERSION = YES;
				CLANG_WARN_INFINITE_RECURSION = YES;
				CLANG_WARN_INT_CONVERSION = YES;
				CLANG_WARN_NON_LITERAL_NULL_CONVERSION = YES;
				CLANG_WARN_OBJC_IMPLICIT_RETAIN_SELF = YES;
				CLANG_WARN_OBJC_LITERAL_CONVERSION = YES;
				CLANG_WARN_OBJC_ROOT_CLASS = YES_ERROR;
				CLANG_WARN_RANGE_LOOP_ANALYSIS = YES;
				CLANG_WARN_STRICT_PROTOTYPES = YES;
				CLANG_WARN_SUSPICIOUS_MOVE = YES;
				CLANG_WARN_UNGUARDED_AVAILABILITY = YES_AGGRESSIVE;
				CLANG_WARN_UNREACHABLE_CODE = YES;
				CLANG_WARN__DUPLICATE_METHOD_MATCH = YES;
				COPY_PHASE_STRIP = NO;
				DEBUG_INFORMATION_FORMAT = "dwarf-with-dsym";
				ENABLE_NS_ASSERTIONS = NO;
				ENABLE_STRICT_OBJC_MSGSEND = YES;
				GCC_C_LANGUAGE_STANDARD = gnu11;
				GCC_NO_COMMON_BLOCKS = YES;
				GCC_WARN_64_TO_32_BIT_CONVERSION = YES;
				GCC_WARN_ABOUT_RETURN_TYPE = YES_ERROR;
				GCC_WARN_UNDECLARED_SELECTOR = YES;
				GCC_WARN_UNINITIALIZED_AUTOS = YES_AGGRESSIVE;
				GCC_WARN_UNUSED_FUNCTION = YES;
				GCC_WARN_UNUSED_VARIABLE = YES;
				IPHONEOS_DEPLOYMENT_TARGET = 13.2;
				MTL_ENABLE_DEBUG_INFO = NO;
				MTL_FAST_MATH = YES;
				SDKROOT = iphoneos;
				VALIDATE_PRODUCT = YES;
			};
			name = Release;
		};
		1327F75625539E1100111281 /* Debug */ = {
			isa = XCBuildConfiguration;
			baseConfigurationReference = 0C6A2C3681E2570303BC471D /* Pods-A_section.debug.xcconfig */;
			buildSettings = {
				ASSETCATALOG_COMPILER_APPICON_NAME = AppIcon;
				CODE_SIGN_STYLE = Automatic;
				DEVELOPMENT_TEAM = GJXZ73B365;
				INFOPLIST_FILE = A_section/Info.plist;
				IPHONEOS_DEPLOYMENT_TARGET = 9.0;
				LD_RUNPATH_SEARCH_PATHS = (
					"$(inherited)",
					"@executable_path/Frameworks",
				);
				PRODUCT_BUNDLE_IDENTIFIER = "elgs.A-section";
				PRODUCT_NAME = "$(TARGET_NAME)";
				TARGETED_DEVICE_FAMILY = "1,2";
			};
			name = Debug;
		};
		1327F75725539E1100111281 /* Release */ = {
			isa = XCBuildConfiguration;
			baseConfigurationReference = 77FE3A1F0135D6217BC62A03 /* Pods-A_section.release.xcconfig */;
			buildSettings = {
				ASSETCATALOG_COMPILER_APPICON_NAME = AppIcon;
				CODE_SIGN_STYLE = Automatic;
				DEVELOPMENT_TEAM = GJXZ73B365;
				INFOPLIST_FILE = A_section/Info.plist;
				IPHONEOS_DEPLOYMENT_TARGET = 9.0;
				LD_RUNPATH_SEARCH_PATHS = (
					"$(inherited)",
					"@executable_path/Frameworks",
				);
				PRODUCT_BUNDLE_IDENTIFIER = "elgs.A-section";
				PRODUCT_NAME = "$(TARGET_NAME)";
				TARGETED_DEVICE_FAMILY = "1,2";
			};
			name = Release;
		};
/* End XCBuildConfiguration section */

/* Begin XCConfigurationList section */
		1327F73725539E0F00111281 /* Build configuration list for PBXProject "A_section" */ = {
			isa = XCConfigurationList;
			buildConfigurations = (
				1327F75325539E1100111281 /* Debug */,
				1327F75425539E1100111281 /* Release */,
			);
			defaultConfigurationIsVisible = 0;
			defaultConfigurationName = Release;
		};
		1327F75525539E1100111281 /* Build configuration list for PBXNativeTarget "A_section" */ = {
			isa = XCConfigurationList;
			buildConfigurations = (
				1327F75625539E1100111281 /* Debug */,
				1327F75725539E1100111281 /* Release */,
			);
			defaultConfigurationIsVisible = 0;
			defaultConfigurationName = Release;
		};
/* End XCConfigurationList section */
	};
	rootObject = 1327F73425539E0F00111281 /* Project object */;
}
